
Microsoft Visual Studio Solution File, Format Version 12.00
# Visual Studio Version 17
VisualStudioVersion = 17.8.34316.72
MinimumVisualStudioVersion = 10.0.40219.1
Project("{2150E333-8FDC-42A3-9474-1A3956D46DE8}") = "Client", "Client", "{47C4E125-DF81-44B7-958C-7D4B2D266AAE}"
EndProject
Project("{2150E333-8FDC-42A3-9474-1A3956D46DE8}") = "Gateway", "Gateway", "{7BC1CB55-9A20-46F6-B351-11D0DBAF02FD}"
EndProject
Project("{2150E333-8FDC-42A3-9474-1A3956D46DE8}") = "Integration", "Integration", "{CDFCB070-8423-4549-B417-DECAE9AFE3F9}"
EndProject
Project("{2150E333-8FDC-42A3-9474-1A3956D46DE8}") = "Services", "Services", "{B1D068B3-C33A-4BA5-9272-7D6DC7D52B78}"
EndProject
Project("{9A19103F-16F7-4668-BE54-9A1E7A4F7556}") = "AuthAPI", "AuthAPI\AuthAPI.csproj", "{BFD9E0D7-A775-4F63-BD6C-2335689A5FDD}"
EndProject
Project("{9A19103F-16F7-4668-BE54-9A1E7A4F7556}") = "MatrixAPI", "TableAPI\MatrixAPI.csproj", "{588AFF15-3F54-4533-946A-083BBC237FA1}"
EndProject
Global
	GlobalSection(SolutionConfigurationPlatforms) = preSolution
		Debug|Any CPU = Debug|Any CPU
		Release|Any CPU = Release|Any CPU
	EndGlobalSection
	GlobalSection(ProjectConfigurationPlatforms) = postSolution
		{BFD9E0D7-A775-4F63-BD6C-2335689A5FDD}.Debug|Any CPU.ActiveCfg = Debug|Any CPU
		{BFD9E0D7-A775-4F63-BD6C-2335689A5FDD}.Debug|Any CPU.Build.0 = Debug|Any CPU
		{BFD9E0D7-A775-4F63-BD6C-2335689A5FDD}.Release|Any CPU.ActiveCfg = Release|Any CPU
		{BFD9E0D7-A775-4F63-BD6C-2335689A5FDD}.Release|Any CPU.Build.0 = Release|Any CPU
		{588AFF15-3F54-4533-946A-083BBC237FA1}.Debug|Any CPU.ActiveCfg = Debug|Any CPU
		{588AFF15-3F54-4533-946A-083BBC237FA1}.Debug|Any CPU.Build.0 = Debug|Any CPU
		{588AFF15-3F54-4533-946A-083BBC237FA1}.Release|Any CPU.ActiveCfg = Release|Any CPU
		{588AFF15-3F54-4533-946A-083BBC237FA1}.Release|Any CPU.Build.0 = Release|Any CPU
	EndGlobalSection
	GlobalSection(SolutionProperties) = preSolution
		HideSolutionNode = FALSE
	EndGlobalSection
	GlobalSection(NestedProjects) = preSolution
		{BFD9E0D7-A775-4F63-BD6C-2335689A5FDD} = {B1D068B3-C33A-4BA5-9272-7D6DC7D52B78}
		{588AFF15-3F54-4533-946A-083BBC237FA1} = {B1D068B3-C33A-4BA5-9272-7D6DC7D52B78}
	EndGlobalSection
	GlobalSection(ExtensibilityGlobals) = postSolution
		SolutionGuid = {F506C03E-0E65-4878-8C04-07F029C51649}
	EndGlobalSection
EndGlobal
